// !$*UTF8*$!
{
	archiveVersion = 1;
	classes = {
	};
	objectVersion = 50;
	objects = {

/* Begin PBXBuildFile section */
		9C4B0DB42179E54F00A93DEE /* AppDelegate.swift in Sources */ = {isa = PBXBuildFile; fileRef = 9C4B0DB32179E54F00A93DEE /* AppDelegate.swift */; };
		9C4B0DB62179E54F00A93DEE /* DetailViewController.swift in Sources */ = {isa = PBXBuildFile; fileRef = 9C4B0DB52179E54F00A93DEE /* DetailViewController.swift */; };
		9C4B0DBB2179E55000A93DEE /* Assets.xcassets in Resources */ = {isa = PBXBuildFile; fileRef = 9C4B0DBA2179E55000A93DEE /* Assets.xcassets */; };
		9C4B0DBE2179E55000A93DEE /* LaunchScreen.storyboard in Resources */ = {isa = PBXBuildFile; fileRef = 9C4B0DBC2179E55000A93DEE /* LaunchScreen.storyboard */; };
		9C4B0DC92179E55000A93DEE /* AirBankIntegrationTests.swift in Sources */ = {isa = PBXBuildFile; fileRef = 9C4B0DC82179E55000A93DEE /* AirBankIntegrationTests.swift */; };
		9C4B0DD8217B73ED00A93DEE /* AirBankEndpoint.swift in Sources */ = {isa = PBXBuildFile; fileRef = 9C4B0DD7217B73ED00A93DEE /* AirBankEndpoint.swift */; };
		9C4B0DE0217B7B0000A93DEE /* Alamofire.framework in Frameworks */ = {isa = PBXBuildFile; fileRef = 9C4B0DDA217B7A2C00A93DEE /* Alamofire.framework */; };
		9C4B0DE2217B802200A93DEE /* Networking.swift in Sources */ = {isa = PBXBuildFile; fileRef = 9C4B0DE1217B802200A93DEE /* Networking.swift */; };
		9C4B0DE8217B8F9300A93DEE /* CodableAlamofire.framework in Frameworks */ = {isa = PBXBuildFile; fileRef = 9C4B0DE7217B8F9300A93DEE /* CodableAlamofire.framework */; };
		9C4B0DEA217BA8BF00A93DEE /* TransactionListResponse.swift in Sources */ = {isa = PBXBuildFile; fileRef = 9C4B0DE9217BA8BF00A93DEE /* TransactionListResponse.swift */; };
		9C4B0DED217BA8F300A93DEE /* Transaction.swift in Sources */ = {isa = PBXBuildFile; fileRef = 9C4B0DEC217BA8F300A93DEE /* Transaction.swift */; };
		9C4B0DF0217BA92A00A93DEE /* TransactionDirection.swift in Sources */ = {isa = PBXBuildFile; fileRef = 9C4B0DEF217BA92A00A93DEE /* TransactionDirection.swift */; };
		9C4B0DF2217BA94300A93DEE /* Identifier.swift in Sources */ = {isa = PBXBuildFile; fileRef = 9C4B0DF1217BA94300A93DEE /* Identifier.swift */; };
		9C4B0DF4217BAAB500A93DEE /* Typealiases.swift in Sources */ = {isa = PBXBuildFile; fileRef = 9C4B0DF3217BAAB500A93DEE /* Typealiases.swift */; };
		9C4B0DF6217BAB1900A93DEE /* helpers.swift in Sources */ = {isa = PBXBuildFile; fileRef = 9C4B0DF5217BAB1900A93DEE /* helpers.swift */; };
		9C4B0DF8217BAC1700A93DEE /* TransactionDecodableTests.swift in Sources */ = {isa = PBXBuildFile; fileRef = 9C4B0DF7217BAC1700A93DEE /* TransactionDecodableTests.swift */; };
		9C4B0DFA217BAD5700A93DEE /* TransactionListResponseDecodableTests.swift in Sources */ = {isa = PBXBuildFile; fileRef = 9C4B0DF9217BAD5700A93DEE /* TransactionListResponseDecodableTests.swift */; };
		9C4B0DFC217BADC400A93DEE /* transactionList-success.json in Resources */ = {isa = PBXBuildFile; fileRef = 9C4B0DFB217BADC400A93DEE /* transactionList-success.json */; };
		9C4B0DFF217BB0CC00A93DEE /* TransactionDetailsResponse.swift in Sources */ = {isa = PBXBuildFile; fileRef = 9C4B0DFE217BB0CC00A93DEE /* TransactionDetailsResponse.swift */; };
		9C4B0E01217BB26200A93DEE /* transactionDetails-success.json in Resources */ = {isa = PBXBuildFile; fileRef = 9C4B0E00217BB26200A93DEE /* transactionDetails-success.json */; };
		9C4B0E03217BB29F00A93DEE /* TransactionDetailsResponseDecodableTests.swift in Sources */ = {isa = PBXBuildFile; fileRef = 9C4B0E02217BB29F00A93DEE /* TransactionDetailsResponseDecodableTests.swift */; };
		9C4B0E13217C5E7C00A93DEE /* ApiClient.swift in Sources */ = {isa = PBXBuildFile; fileRef = 9C4B0E12217C5E7C00A93DEE /* ApiClient.swift */; };
		9C4B0E18217C62DF00A93DEE /* ListViewController.swift in Sources */ = {isa = PBXBuildFile; fileRef = 9C4B0E17217C62DF00A93DEE /* ListViewController.swift */; };
		9C4B0E1A217C630D00A93DEE /* MainFlowCoordinator.swift in Sources */ = {isa = PBXBuildFile; fileRef = 9C4B0E19217C630D00A93DEE /* MainFlowCoordinator.swift */; };
		9C4B0E1C217C641B00A93DEE /* List.storyboard in Resources */ = {isa = PBXBuildFile; fileRef = 9C4B0E1B217C641B00A93DEE /* List.storyboard */; };
		9C4B0E21217C8C6400A93DEE /* Storyboard Scenes.swift in Sources */ = {isa = PBXBuildFile; fileRef = 9C4B0E1F217C8C6400A93DEE /* Storyboard Scenes.swift */; };
		9C4B0E22217C8C6400A93DEE /* Storyboard Segues.swift in Sources */ = {isa = PBXBuildFile; fileRef = 9C4B0E20217C8C6400A93DEE /* Storyboard Segues.swift */; };
		9C4B0E25217C902000A93DEE /* Assets.swift in Sources */ = {isa = PBXBuildFile; fileRef = 9C4B0E24217C902000A93DEE /* Assets.swift */; };
		9C4B0E28217C9A9300A93DEE /* TransactionTableViewCell.swift in Sources */ = {isa = PBXBuildFile; fileRef = 9C4B0E26217C9A9300A93DEE /* TransactionTableViewCell.swift */; };
		9C4B0E29217C9A9300A93DEE /* TransactionTableViewCell.xib in Resources */ = {isa = PBXBuildFile; fileRef = 9C4B0E27217C9A9300A93DEE /* TransactionTableViewCell.xib */; };
		9C4B0E2C217C9F1900A93DEE /* UIView+nibLoading.swift in Sources */ = {isa = PBXBuildFile; fileRef = 9C4B0E2B217C9F1900A93DEE /* UIView+nibLoading.swift */; };
		9C4B0E2E217C9F4300A93DEE /* UIView+fullSizeContraints.swift in Sources */ = {isa = PBXBuildFile; fileRef = 9C4B0E2D217C9F4300A93DEE /* UIView+fullSizeContraints.swift */; };
		9C4B0E30217CA26E00A93DEE /* ListViewModel.swift in Sources */ = {isa = PBXBuildFile; fileRef = 9C4B0E2F217CA26E00A93DEE /* ListViewModel.swift */; };
		9C4B0E31217CB13300A93DEE /* Detail.storyboard in Resources */ = {isa = PBXBuildFile; fileRef = 9C4B0E1D217C659000A93DEE /* Detail.storyboard */; };
		9C4B0E35217CD20400A93DEE /* ContraAccountView.xib in Resources */ = {isa = PBXBuildFile; fileRef = 9C4B0E34217CD20400A93DEE /* ContraAccountView.xib */; };
		9C4B0E37217CD21800A93DEE /* ContraAccountView.swift in Sources */ = {isa = PBXBuildFile; fileRef = 9C4B0E36217CD21800A93DEE /* ContraAccountView.swift */; };
		9C4B0E39217CD4B600A93DEE /* LoadingView.swift in Sources */ = {isa = PBXBuildFile; fileRef = 9C4B0E38217CD4B600A93DEE /* LoadingView.swift */; };
		9C4B0E3B217CD4C000A93DEE /* LoadingView.xib in Resources */ = {isa = PBXBuildFile; fileRef = 9C4B0E3A217CD4C000A93DEE /* LoadingView.xib */; };
		9C4B0E3D217CDAD200A93DEE /* DetailViewModel.swift in Sources */ = {isa = PBXBuildFile; fileRef = 9C4B0E3C217CDAD200A93DEE /* DetailViewModel.swift */; };
/* End PBXBuildFile section */

/* Begin PBXContainerItemProxy section */
		9C4B0DC52179E55000A93DEE /* PBXContainerItemProxy */ = {
			isa = PBXContainerItemProxy;
			containerPortal = 9C4B0DA82179E54E00A93DEE /* Project object */;
			proxyType = 1;
			remoteGlobalIDString = 9C4B0DAF2179E54F00A93DEE;
			remoteInfo = AirBank;
		};
/* End PBXContainerItemProxy section */

/* Begin PBXFileReference section */
		9C4B0DB02179E54F00A93DEE /* AirBank.app */ = {isa = PBXFileReference; explicitFileType = wrapper.application; includeInIndex = 0; path = AirBank.app; sourceTree = BUILT_PRODUCTS_DIR; };
		9C4B0DB32179E54F00A93DEE /* AppDelegate.swift */ = {isa = PBXFileReference; lastKnownFileType = sourcecode.swift; path = AppDelegate.swift; sourceTree = "<group>"; };
		9C4B0DB52179E54F00A93DEE /* DetailViewController.swift */ = {isa = PBXFileReference; lastKnownFileType = sourcecode.swift; path = DetailViewController.swift; sourceTree = "<group>"; };
		9C4B0DBA2179E55000A93DEE /* Assets.xcassets */ = {isa = PBXFileReference; lastKnownFileType = folder.assetcatalog; path = Assets.xcassets; sourceTree = "<group>"; };
		9C4B0DBD2179E55000A93DEE /* Base */ = {isa = PBXFileReference; lastKnownFileType = file.storyboard; name = Base; path = Base.lproj/LaunchScreen.storyboard; sourceTree = "<group>"; };
		9C4B0DBF2179E55000A93DEE /* Info.plist */ = {isa = PBXFileReference; lastKnownFileType = text.plist.xml; path = Info.plist; sourceTree = "<group>"; };
		9C4B0DC42179E55000A93DEE /* AirBankTests.xctest */ = {isa = PBXFileReference; explicitFileType = wrapper.cfbundle; includeInIndex = 0; path = AirBankTests.xctest; sourceTree = BUILT_PRODUCTS_DIR; };
		9C4B0DC82179E55000A93DEE /* AirBankIntegrationTests.swift */ = {isa = PBXFileReference; lastKnownFileType = sourcecode.swift; path = AirBankIntegrationTests.swift; sourceTree = "<group>"; };
		9C4B0DCA2179E55000A93DEE /* Info.plist */ = {isa = PBXFileReference; lastKnownFileType = text.plist.xml; path = Info.plist; sourceTree = "<group>"; };
		9C4B0DD32179E62500A93DEE /* README.md */ = {isa = PBXFileReference; fileEncoding = 4; lastKnownFileType = net.daringfireball.markdown; path = README.md; sourceTree = "<group>"; };
		9C4B0DD42179E62500A93DEE /* LICENSE */ = {isa = PBXFileReference; fileEncoding = 4; lastKnownFileType = text; path = LICENSE; sourceTree = "<group>"; };
		9C4B0DD7217B73ED00A93DEE /* AirBankEndpoint.swift */ = {isa = PBXFileReference; lastKnownFileType = sourcecode.swift; path = AirBankEndpoint.swift; sourceTree = "<group>"; };
		9C4B0DDA217B7A2C00A93DEE /* Alamofire.framework */ = {isa = PBXFileReference; lastKnownFileType = wrapper.framework; name = Alamofire.framework; path = Carthage/Build/iOS/Alamofire.framework; sourceTree = "<group>"; };
		9C4B0DE1217B802200A93DEE /* Networking.swift */ = {isa = PBXFileReference; lastKnownFileType = sourcecode.swift; path = Networking.swift; sourceTree = "<group>"; };
		9C4B0DE7217B8F9300A93DEE /* CodableAlamofire.framework */ = {isa = PBXFileReference; lastKnownFileType = wrapper.framework; name = CodableAlamofire.framework; path = Carthage/Build/iOS/CodableAlamofire.framework; sourceTree = "<group>"; };
		9C4B0DE9217BA8BF00A93DEE /* TransactionListResponse.swift */ = {isa = PBXFileReference; lastKnownFileType = sourcecode.swift; path = TransactionListResponse.swift; sourceTree = "<group>"; };
		9C4B0DEC217BA8F300A93DEE /* Transaction.swift */ = {isa = PBXFileReference; lastKnownFileType = sourcecode.swift; path = Transaction.swift; sourceTree = "<group>"; };
		9C4B0DEF217BA92A00A93DEE /* TransactionDirection.swift */ = {isa = PBXFileReference; lastKnownFileType = sourcecode.swift; path = TransactionDirection.swift; sourceTree = "<group>"; };
		9C4B0DF1217BA94300A93DEE /* Identifier.swift */ = {isa = PBXFileReference; lastKnownFileType = sourcecode.swift; path = Identifier.swift; sourceTree = "<group>"; };
		9C4B0DF3217BAAB500A93DEE /* Typealiases.swift */ = {isa = PBXFileReference; lastKnownFileType = sourcecode.swift; path = Typealiases.swift; sourceTree = "<group>"; };
		9C4B0DF5217BAB1900A93DEE /* helpers.swift */ = {isa = PBXFileReference; lastKnownFileType = sourcecode.swift; path = helpers.swift; sourceTree = "<group>"; };
		9C4B0DF7217BAC1700A93DEE /* TransactionDecodableTests.swift */ = {isa = PBXFileReference; lastKnownFileType = sourcecode.swift; path = TransactionDecodableTests.swift; sourceTree = "<group>"; };
		9C4B0DF9217BAD5700A93DEE /* TransactionListResponseDecodableTests.swift */ = {isa = PBXFileReference; lastKnownFileType = sourcecode.swift; path = TransactionListResponseDecodableTests.swift; sourceTree = "<group>"; };
		9C4B0DFB217BADC400A93DEE /* transactionList-success.json */ = {isa = PBXFileReference; lastKnownFileType = text.json; path = "transactionList-success.json"; sourceTree = "<group>"; };
		9C4B0DFE217BB0CC00A93DEE /* TransactionDetailsResponse.swift */ = {isa = PBXFileReference; lastKnownFileType = sourcecode.swift; path = TransactionDetailsResponse.swift; sourceTree = "<group>"; };
		9C4B0E00217BB26200A93DEE /* transactionDetails-success.json */ = {isa = PBXFileReference; lastKnownFileType = text.json; path = "transactionDetails-success.json"; sourceTree = "<group>"; };
		9C4B0E02217BB29F00A93DEE /* TransactionDetailsResponseDecodableTests.swift */ = {isa = PBXFileReference; lastKnownFileType = sourcecode.swift; path = TransactionDetailsResponseDecodableTests.swift; sourceTree = "<group>"; };
		9C4B0E12217C5E7C00A93DEE /* ApiClient.swift */ = {isa = PBXFileReference; lastKnownFileType = sourcecode.swift; path = ApiClient.swift; sourceTree = "<group>"; };
		9C4B0E17217C62DF00A93DEE /* ListViewController.swift */ = {isa = PBXFileReference; lastKnownFileType = sourcecode.swift; path = ListViewController.swift; sourceTree = "<group>"; };
		9C4B0E19217C630D00A93DEE /* MainFlowCoordinator.swift */ = {isa = PBXFileReference; lastKnownFileType = sourcecode.swift; path = MainFlowCoordinator.swift; sourceTree = "<group>"; };
		9C4B0E1B217C641B00A93DEE /* List.storyboard */ = {isa = PBXFileReference; lastKnownFileType = file.storyboard; path = List.storyboard; sourceTree = "<group>"; };
		9C4B0E1D217C659000A93DEE /* Detail.storyboard */ = {isa = PBXFileReference; lastKnownFileType = file.storyboard; path = Detail.storyboard; sourceTree = "<group>"; };
		9C4B0E1F217C8C6400A93DEE /* Storyboard Scenes.swift */ = {isa = PBXFileReference; fileEncoding = 4; lastKnownFileType = sourcecode.swift; path = "Storyboard Scenes.swift"; sourceTree = "<group>"; };
		9C4B0E20217C8C6400A93DEE /* Storyboard Segues.swift */ = {isa = PBXFileReference; fileEncoding = 4; lastKnownFileType = sourcecode.swift; path = "Storyboard Segues.swift"; sourceTree = "<group>"; };
		9C4B0E24217C902000A93DEE /* Assets.swift */ = {isa = PBXFileReference; fileEncoding = 4; lastKnownFileType = sourcecode.swift; path = Assets.swift; sourceTree = "<group>"; };
		9C4B0E26217C9A9300A93DEE /* TransactionTableViewCell.swift */ = {isa = PBXFileReference; lastKnownFileType = sourcecode.swift; path = TransactionTableViewCell.swift; sourceTree = "<group>"; };
		9C4B0E27217C9A9300A93DEE /* TransactionTableViewCell.xib */ = {isa = PBXFileReference; lastKnownFileType = file.xib; path = TransactionTableViewCell.xib; sourceTree = "<group>"; };
		9C4B0E2B217C9F1900A93DEE /* UIView+nibLoading.swift */ = {isa = PBXFileReference; lastKnownFileType = sourcecode.swift; path = "UIView+nibLoading.swift"; sourceTree = "<group>"; };
		9C4B0E2D217C9F4300A93DEE /* UIView+fullSizeContraints.swift */ = {isa = PBXFileReference; lastKnownFileType = sourcecode.swift; path = "UIView+fullSizeContraints.swift"; sourceTree = "<group>"; };
		9C4B0E2F217CA26E00A93DEE /* ListViewModel.swift */ = {isa = PBXFileReference; lastKnownFileType = sourcecode.swift; path = ListViewModel.swift; sourceTree = "<group>"; };
		9C4B0E34217CD20400A93DEE /* ContraAccountView.xib */ = {isa = PBXFileReference; lastKnownFileType = file.xib; path = ContraAccountView.xib; sourceTree = "<group>"; };
		9C4B0E36217CD21800A93DEE /* ContraAccountView.swift */ = {isa = PBXFileReference; lastKnownFileType = sourcecode.swift; path = ContraAccountView.swift; sourceTree = "<group>"; };
		9C4B0E38217CD4B600A93DEE /* LoadingView.swift */ = {isa = PBXFileReference; lastKnownFileType = sourcecode.swift; path = LoadingView.swift; sourceTree = "<group>"; };
		9C4B0E3A217CD4C000A93DEE /* LoadingView.xib */ = {isa = PBXFileReference; lastKnownFileType = file.xib; path = LoadingView.xib; sourceTree = "<group>"; };
		9C4B0E3C217CDAD200A93DEE /* DetailViewModel.swift */ = {isa = PBXFileReference; lastKnownFileType = sourcecode.swift; path = DetailViewModel.swift; sourceTree = "<group>"; };
/* End PBXFileReference section */

/* Begin PBXFrameworksBuildPhase section */
		9C4B0DAD2179E54F00A93DEE /* Frameworks */ = {
			isa = PBXFrameworksBuildPhase;
			buildActionMask = 2147483647;
			files = (
				9C4B0DE8217B8F9300A93DEE /* CodableAlamofire.framework in Frameworks */,
				9C4B0DE0217B7B0000A93DEE /* Alamofire.framework in Frameworks */,
			);
			runOnlyForDeploymentPostprocessing = 0;
		};
		9C4B0DC12179E55000A93DEE /* Frameworks */ = {
			isa = PBXFrameworksBuildPhase;
			buildActionMask = 2147483647;
			files = (
			);
			runOnlyForDeploymentPostprocessing = 0;
		};
/* End PBXFrameworksBuildPhase section */

/* Begin PBXGroup section */
		9C4B0DA72179E54E00A93DEE = {
			isa = PBXGroup;
			children = (
				9C4B0DD32179E62500A93DEE /* README.md */,
				9C4B0DD42179E62500A93DEE /* LICENSE */,
				9C4B0DB22179E54F00A93DEE /* AirBank */,
				9C4B0DC72179E55000A93DEE /* AirBankTests */,
				9C4B0DDE217B7A4C00A93DEE /* Frameworks */,
				9C4B0DB12179E54F00A93DEE /* Products */,
			);
			sourceTree = "<group>";
		};
		9C4B0DB12179E54F00A93DEE /* Products */ = {
			isa = PBXGroup;
			children = (
				9C4B0DB02179E54F00A93DEE /* AirBank.app */,
				9C4B0DC42179E55000A93DEE /* AirBankTests.xctest */,
			);
			name = Products;
			sourceTree = "<group>";
		};
		9C4B0DB22179E54F00A93DEE /* AirBank */ = {
			isa = PBXGroup;
			children = (
				9C4B0E1E217C8C6400A93DEE /* Generated Code */,
				9C4B0DB32179E54F00A93DEE /* AppDelegate.swift */,
				9C4B0E23217C8C9B00A93DEE /* Flow Coordinators */,
				9C4B0E2A217C9A9800A93DEE /* Views */,
				9C4B0E14217C613D00A93DEE /* Scenes */,
				9C4B0DBA2179E55000A93DEE /* Assets.xcassets */,
				9C4B0DBC2179E55000A93DEE /* LaunchScreen.storyboard */,
				9C4B0DBF2179E55000A93DEE /* Info.plist */,
				9C4B0DEE217BA8F900A93DEE /* Model */,
				9C4B0DD9217B73F200A93DEE /* Networking */,
			);
			path = AirBank;
			sourceTree = "<group>";
		};
		9C4B0DC72179E55000A93DEE /* AirBankTests */ = {
			isa = PBXGroup;
			children = (
				9C4B0DC82179E55000A93DEE /* AirBankIntegrationTests.swift */,
				9C4B0DF7217BAC1700A93DEE /* TransactionDecodableTests.swift */,
				9C4B0E02217BB29F00A93DEE /* TransactionDetailsResponseDecodableTests.swift */,
				9C4B0DF9217BAD5700A93DEE /* TransactionListResponseDecodableTests.swift */,
				9C4B0DCA2179E55000A93DEE /* Info.plist */,
				9C4B0DF5217BAB1900A93DEE /* helpers.swift */,
				9C4B0DFD217BADC900A93DEE /* Sample Responses */,
			);
			path = AirBankTests;
			sourceTree = "<group>";
		};
		9C4B0DD9217B73F200A93DEE /* Networking */ = {
			isa = PBXGroup;
			children = (
				9C4B0DD7217B73ED00A93DEE /* AirBankEndpoint.swift */,
				9C4B0DE1217B802200A93DEE /* Networking.swift */,
				9C4B0DF3217BAAB500A93DEE /* Typealiases.swift */,
				9C4B0DEB217BA8C500A93DEE /* Responses */,
			);
			path = Networking;
			sourceTree = "<group>";
		};
		9C4B0DDE217B7A4C00A93DEE /* Frameworks */ = {
			isa = PBXGroup;
			children = (
				9C4B0DE7217B8F9300A93DEE /* CodableAlamofire.framework */,
				9C4B0DDA217B7A2C00A93DEE /* Alamofire.framework */,
			);
			name = Frameworks;
			sourceTree = "<group>";
		};
		9C4B0DEB217BA8C500A93DEE /* Responses */ = {
			isa = PBXGroup;
			children = (
				9C4B0DE9217BA8BF00A93DEE /* TransactionListResponse.swift */,
				9C4B0DFE217BB0CC00A93DEE /* TransactionDetailsResponse.swift */,
			);
			path = Responses;
			sourceTree = "<group>";
		};
		9C4B0DEE217BA8F900A93DEE /* Model */ = {
			isa = PBXGroup;
			children = (
				9C4B0DEC217BA8F300A93DEE /* Transaction.swift */,
				9C4B0DEF217BA92A00A93DEE /* TransactionDirection.swift */,
				9C4B0DF1217BA94300A93DEE /* Identifier.swift */,
				9C4B0E12217C5E7C00A93DEE /* ApiClient.swift */,
			);
			path = Model;
			sourceTree = "<group>";
		};
		9C4B0DFD217BADC900A93DEE /* Sample Responses */ = {
			isa = PBXGroup;
			children = (
				9C4B0DFB217BADC400A93DEE /* transactionList-success.json */,
				9C4B0E00217BB26200A93DEE /* transactionDetails-success.json */,
			);
			path = "Sample Responses";
			sourceTree = "<group>";
		};
		9C4B0E14217C613D00A93DEE /* Scenes */ = {
			isa = PBXGroup;
			children = (
				9C4B0E16217C615800A93DEE /* List */,
				9C4B0E15217C615200A93DEE /* Detail */,
			);
			path = Scenes;
			sourceTree = "<group>";
		};
		9C4B0E15217C615200A93DEE /* Detail */ = {
			isa = PBXGroup;
			children = (
				9C4B0DB52179E54F00A93DEE /* DetailViewController.swift */,
				9C4B0E3C217CDAD200A93DEE /* DetailViewModel.swift */,
				9C4B0E1D217C659000A93DEE /* Detail.storyboard */,
			);
			path = Detail;
			sourceTree = "<group>";
		};
		9C4B0E16217C615800A93DEE /* List */ = {
			isa = PBXGroup;
			children = (
				9C4B0E17217C62DF00A93DEE /* ListViewController.swift */,
				9C4B0E2F217CA26E00A93DEE /* ListViewModel.swift */,
				9C4B0E1B217C641B00A93DEE /* List.storyboard */,
			);
			path = List;
			sourceTree = "<group>";
		};
		9C4B0E1E217C8C6400A93DEE /* Generated Code */ = {
			isa = PBXGroup;
			children = (
				9C4B0E24217C902000A93DEE /* Assets.swift */,
				9C4B0E1F217C8C6400A93DEE /* Storyboard Scenes.swift */,
				9C4B0E20217C8C6400A93DEE /* Storyboard Segues.swift */,
			);
			path = "Generated Code";
			sourceTree = "<group>";
		};
		9C4B0E23217C8C9B00A93DEE /* Flow Coordinators */ = {
			isa = PBXGroup;
			children = (
				9C4B0E19217C630D00A93DEE /* MainFlowCoordinator.swift */,
			);
			path = "Flow Coordinators";
			sourceTree = "<group>";
		};
		9C4B0E2A217C9A9800A93DEE /* Views */ = {
			isa = PBXGroup;
			children = (
				9C4B0E34217CD20400A93DEE /* ContraAccountView.xib */,
				9C4B0E36217CD21800A93DEE /* ContraAccountView.swift */,
				9C4B0E38217CD4B600A93DEE /* LoadingView.swift */,
				9C4B0E3A217CD4C000A93DEE /* LoadingView.xib */,
				9C4B0E26217C9A9300A93DEE /* TransactionTableViewCell.swift */,
				9C4B0E27217C9A9300A93DEE /* TransactionTableViewCell.xib */,
				9C4B0E2B217C9F1900A93DEE /* UIView+nibLoading.swift */,
				9C4B0E2D217C9F4300A93DEE /* UIView+fullSizeContraints.swift */,
			);
			path = Views;
			sourceTree = "<group>";
		};
/* End PBXGroup section */

/* Begin PBXNativeTarget section */
		9C4B0DAF2179E54F00A93DEE /* AirBank */ = {
			isa = PBXNativeTarget;
			buildConfigurationList = 9C4B0DCD2179E55000A93DEE /* Build configuration list for PBXNativeTarget "AirBank" */;
			buildPhases = (
				9C4B0DAC2179E54F00A93DEE /* Sources */,
				9C4B0DAD2179E54F00A93DEE /* Frameworks */,
				9C4B0DAE2179E54F00A93DEE /* Resources */,
				9C4B0DDF217B7AA700A93DEE /* Carthage */,
			);
			buildRules = (
			);
			dependencies = (
			);
			name = AirBank;
			productName = AirBank;
			productReference = 9C4B0DB02179E54F00A93DEE /* AirBank.app */;
			productType = "com.apple.product-type.application";
		};
		9C4B0DC32179E55000A93DEE /* AirBankTests */ = {
			isa = PBXNativeTarget;
			buildConfigurationList = 9C4B0DD02179E55000A93DEE /* Build configuration list for PBXNativeTarget "AirBankTests" */;
			buildPhases = (
				9C4B0DC02179E55000A93DEE /* Sources */,
				9C4B0DC12179E55000A93DEE /* Frameworks */,
				9C4B0DC22179E55000A93DEE /* Resources */,
			);
			buildRules = (
			);
			dependencies = (
				9C4B0DC62179E55000A93DEE /* PBXTargetDependency */,
			);
			name = AirBankTests;
			productName = AirBankTests;
			productReference = 9C4B0DC42179E55000A93DEE /* AirBankTests.xctest */;
			productType = "com.apple.product-type.bundle.unit-test";
		};
/* End PBXNativeTarget section */

/* Begin PBXProject section */
		9C4B0DA82179E54E00A93DEE /* Project object */ = {
			isa = PBXProject;
			attributes = {
				LastSwiftUpdateCheck = 1000;
				LastUpgradeCheck = 1000;
				ORGANIZATIONNAME = "Tom Kraina";
				TargetAttributes = {
					9C4B0DAF2179E54F00A93DEE = {
						CreatedOnToolsVersion = 10.0;
					};
					9C4B0DC32179E55000A93DEE = {
						CreatedOnToolsVersion = 10.0;
						TestTargetID = 9C4B0DAF2179E54F00A93DEE;
					};
				};
			};
			buildConfigurationList = 9C4B0DAB2179E54E00A93DEE /* Build configuration list for PBXProject "AirBank" */;
			compatibilityVersion = "Xcode 9.3";
			developmentRegion = en;
			hasScannedForEncodings = 0;
			knownRegions = (
				en,
				Base,
			);
			mainGroup = 9C4B0DA72179E54E00A93DEE;
			productRefGroup = 9C4B0DB12179E54F00A93DEE /* Products */;
			projectDirPath = "";
			projectRoot = "";
			targets = (
				9C4B0DAF2179E54F00A93DEE /* AirBank */,
				9C4B0DC32179E55000A93DEE /* AirBankTests */,
			);
		};
/* End PBXProject section */

/* Begin PBXResourcesBuildPhase section */
		9C4B0DAE2179E54F00A93DEE /* Resources */ = {
			isa = PBXResourcesBuildPhase;
			buildActionMask = 2147483647;
			files = (
				9C4B0DBE2179E55000A93DEE /* LaunchScreen.storyboard in Resources */,
				9C4B0E29217C9A9300A93DEE /* TransactionTableViewCell.xib in Resources */,
				9C4B0DBB2179E55000A93DEE /* Assets.xcassets in Resources */,
				9C4B0E31217CB13300A93DEE /* Detail.storyboard in Resources */,
				9C4B0E3B217CD4C000A93DEE /* LoadingView.xib in Resources */,
				9C4B0E1C217C641B00A93DEE /* List.storyboard in Resources */,
				9C4B0E35217CD20400A93DEE /* ContraAccountView.xib in Resources */,
			);
			runOnlyForDeploymentPostprocessing = 0;
		};
		9C4B0DC22179E55000A93DEE /* Resources */ = {
			isa = PBXResourcesBuildPhase;
			buildActionMask = 2147483647;
			files = (
				9C4B0DFC217BADC400A93DEE /* transactionList-success.json in Resources */,
				9C4B0E01217BB26200A93DEE /* transactionDetails-success.json in Resources */,
			);
			runOnlyForDeploymentPostprocessing = 0;
		};
/* End PBXResourcesBuildPhase section */

/* Begin PBXShellScriptBuildPhase section */
		9C4B0DDF217B7AA700A93DEE /* Carthage */ = {
			isa = PBXShellScriptBuildPhase;
			buildActionMask = 2147483647;
			files = (
			);
			inputFileListPaths = (
			);
			inputPaths = (
				"$(SRCROOT)/Carthage/Build/iOS/Alamofire.framework",
				"$(SRCROOT)/Carthage/Build/iOS/CodableAlamofire.framework",
			);
			name = Carthage;
			outputFileListPaths = (
			);
			outputPaths = (
				"$(BUILT_PRODUCTS_DIR)/$(FRAMEWORKS_FOLDER_PATH)/Alamofire.framework",
				"$(BUILT_PRODUCTS_DIR)/$(FRAMEWORKS_FOLDER_PATH)/CodableAlamofire.framework",
			);
			runOnlyForDeploymentPostprocessing = 0;
			shellPath = /bin/sh;
			shellScript = "/usr/local/bin/carthage copy-frameworks\n";
		};
/* End PBXShellScriptBuildPhase section */

/* Begin PBXSourcesBuildPhase section */
		9C4B0DAC2179E54F00A93DEE /* Sources */ = {
			isa = PBXSourcesBuildPhase;
			buildActionMask = 2147483647;
			files = (
				9C4B0E13217C5E7C00A93DEE /* ApiClient.swift in Sources */,
				9C4B0E2C217C9F1900A93DEE /* UIView+nibLoading.swift in Sources */,
				9C4B0DF4217BAAB500A93DEE /* Typealiases.swift in Sources */,
				9C4B0E39217CD4B600A93DEE /* LoadingView.swift in Sources */,
				9C4B0DB62179E54F00A93DEE /* DetailViewController.swift in Sources */,
				9C4B0E18217C62DF00A93DEE /* ListViewController.swift in Sources */,
				9C4B0DD8217B73ED00A93DEE /* AirBankEndpoint.swift in Sources */,
				9C4B0E1A217C630D00A93DEE /* MainFlowCoordinator.swift in Sources */,
				9C4B0DB42179E54F00A93DEE /* AppDelegate.swift in Sources */,
				9C4B0E2E217C9F4300A93DEE /* UIView+fullSizeContraints.swift in Sources */,
				9C4B0DE2217B802200A93DEE /* Networking.swift in Sources */,
				9C4B0E3D217CDAD200A93DEE /* DetailViewModel.swift in Sources */,
				9C4B0E30217CA26E00A93DEE /* ListViewModel.swift in Sources */,
				9C4B0E21217C8C6400A93DEE /* Storyboard Scenes.swift in Sources */,
				9C4B0DEA217BA8BF00A93DEE /* TransactionListResponse.swift in Sources */,
				9C4B0E25217C902000A93DEE /* Assets.swift in Sources */,
				9C4B0DED217BA8F300A93DEE /* Transaction.swift in Sources */,
				9C4B0E28217C9A9300A93DEE /* TransactionTableViewCell.swift in Sources */,
				9C4B0E37217CD21800A93DEE /* ContraAccountView.swift in Sources */,
				9C4B0DF2217BA94300A93DEE /* Identifier.swift in Sources */,
				9C4B0DFF217BB0CC00A93DEE /* TransactionDetailsResponse.swift in Sources */,
				9C4B0E22217C8C6400A93DEE /* Storyboard Segues.swift in Sources */,
				9C4B0DF0217BA92A00A93DEE /* TransactionDirection.swift in Sources */,
			);
			runOnlyForDeploymentPostprocessing = 0;
		};
		9C4B0DC02179E55000A93DEE /* Sources */ = {
			isa = PBXSourcesBuildPhase;
			buildActionMask = 2147483647;
			files = (
				9C4B0DF8217BAC1700A93DEE /* TransactionDecodableTests.swift in Sources */,
				9C4B0DFA217BAD5700A93DEE /* TransactionListResponseDecodableTests.swift in Sources */,
				9C4B0DC92179E55000A93DEE /* AirBankIntegrationTests.swift in Sources */,
				9C4B0E03217BB29F00A93DEE /* TransactionDetailsResponseDecodableTests.swift in Sources */,
				9C4B0DF6217BAB1900A93DEE /* helpers.swift in Sources */,
			);
			runOnlyForDeploymentPostprocessing = 0;
		};
/* End PBXSourcesBuildPhase section */

/* Begin PBXTargetDependency section */
		9C4B0DC62179E55000A93DEE /* PBXTargetDependency */ = {
			isa = PBXTargetDependency;
			target = 9C4B0DAF2179E54F00A93DEE /* AirBank */;
			targetProxy = 9C4B0DC52179E55000A93DEE /* PBXContainerItemProxy */;
		};
/* End PBXTargetDependency section */

/* Begin PBXVariantGroup section */
		9C4B0DBC2179E55000A93DEE /* LaunchScreen.storyboard */ = {
			isa = PBXVariantGroup;
			children = (
				9C4B0DBD2179E55000A93DEE /* Base */,
			);
			name = LaunchScreen.storyboard;
			sourceTree = "<group>";
		};
/* End PBXVariantGroup section */

/* Begin XCBuildConfiguration section */
		9C4B0DCB2179E55000A93DEE /* Debug */ = {
			isa = XCBuildConfiguration;
			buildSettings = {
				ALWAYS_SEARCH_USER_PATHS = NO;
				CLANG_ANALYZER_NONNULL = YES;
				CLANG_ANALYZER_NUMBER_OBJECT_CONVERSION = YES_AGGRESSIVE;
				CLANG_CXX_LANGUAGE_STANDARD = "gnu++14";
				CLANG_CXX_LIBRARY = "libc++";
				CLANG_ENABLE_MODULES = YES;
				CLANG_ENABLE_OBJC_ARC = YES;
				CLANG_ENABLE_OBJC_WEAK = YES;
				CLANG_WARN_BLOCK_CAPTURE_AUTORELEASING = YES;
				CLANG_WARN_BOOL_CONVERSION = YES;
				CLANG_WARN_COMMA = YES;
				CLANG_WARN_CONSTANT_CONVERSION = YES;
				CLANG_WARN_DEPRECATED_OBJC_IMPLEMENTATIONS = YES;
				CLANG_WARN_DIRECT_OBJC_ISA_USAGE = YES_ERROR;
				CLANG_WARN_DOCUMENTATION_COMMENTS = YES;
				CLANG_WARN_EMPTY_BODY = YES;
				CLANG_WARN_ENUM_CONVERSION = YES;
				CLANG_WARN_INFINITE_RECURSION = YES;
				CLANG_WARN_INT_CONVERSION = YES;
				CLANG_WARN_NON_LITERAL_NULL_CONVERSION = YES;
				CLANG_WARN_OBJC_IMPLICIT_RETAIN_SELF = YES;
				CLANG_WARN_OBJC_LITERAL_CONVERSION = YES;
				CLANG_WARN_OBJC_ROOT_CLASS = YES_ERROR;
				CLANG_WARN_RANGE_LOOP_ANALYSIS = YES;
				CLANG_WARN_STRICT_PROTOTYPES = YES;
				CLANG_WARN_SUSPICIOUS_MOVE = YES;
				CLANG_WARN_UNGUARDED_AVAILABILITY = YES_AGGRESSIVE;
				CLANG_WARN_UNREACHABLE_CODE = YES;
				CLANG_WARN__DUPLICATE_METHOD_MATCH = YES;
				CODE_SIGN_IDENTITY = "iPhone Developer";
				COPY_PHASE_STRIP = NO;
				DEBUG_INFORMATION_FORMAT = dwarf;
				ENABLE_STRICT_OBJC_MSGSEND = YES;
				ENABLE_TESTABILITY = YES;
				GCC_C_LANGUAGE_STANDARD = gnu11;
				GCC_DYNAMIC_NO_PIC = NO;
				GCC_NO_COMMON_BLOCKS = YES;
				GCC_OPTIMIZATION_LEVEL = 0;
				GCC_PREPROCESSOR_DEFINITIONS = (
					"DEBUG=1",
					"$(inherited)",
				);
				GCC_WARN_64_TO_32_BIT_CONVERSION = YES;
				GCC_WARN_ABOUT_RETURN_TYPE = YES_ERROR;
				GCC_WARN_UNDECLARED_SELECTOR = YES;
				GCC_WARN_UNINITIALIZED_AUTOS = YES_AGGRESSIVE;
				GCC_WARN_UNUSED_FUNCTION = YES;
				GCC_WARN_UNUSED_VARIABLE = YES;
				IPHONEOS_DEPLOYMENT_TARGET = 12.0;
				MTL_ENABLE_DEBUG_INFO = INCLUDE_SOURCE;
				MTL_FAST_MATH = YES;
				ONLY_ACTIVE_ARCH = YES;
				SDKROOT = iphoneos;
				SWIFT_ACTIVE_COMPILATION_CONDITIONS = DEBUG;
				SWIFT_OPTIMIZATION_LEVEL = "-Onone";
			};
			name = Debug;
		};
		9C4B0DCC2179E55000A93DEE /* Release */ = {
			isa = XCBuildConfiguration;
			buildSettings = {
				ALWAYS_SEARCH_USER_PATHS = NO;
				CLANG_ANALYZER_NONNULL = YES;
				CLANG_ANALYZER_NUMBER_OBJECT_CONVERSION = YES_AGGRESSIVE;
				CLANG_CXX_LANGUAGE_STANDARD = "gnu++14";
				CLANG_CXX_LIBRARY = "libc++";
				CLANG_ENABLE_MODULES = YES;
				CLANG_ENABLE_OBJC_ARC = YES;
				CLANG_ENABLE_OBJC_WEAK = YES;
				CLANG_WARN_BLOCK_CAPTURE_AUTORELEASING = YES;
				CLANG_WARN_BOOL_CONVERSION = YES;
				CLANG_WARN_COMMA = YES;
				CLANG_WARN_CONSTANT_CONVERSION = YES;
				CLANG_WARN_DEPRECATED_OBJC_IMPLEMENTATIONS = YES;
				CLANG_WARN_DIRECT_OBJC_ISA_USAGE = YES_ERROR;
				CLANG_WARN_DOCUMENTATION_COMMENTS = YES;
				CLANG_WARN_EMPTY_BODY = YES;
				CLANG_WARN_ENUM_CONVERSION = YES;
				CLANG_WARN_INFINITE_RECURSION = YES;
				CLANG_WARN_INT_CONVERSION = YES;
				CLANG_WARN_NON_LITERAL_NULL_CONVERSION = YES;
				CLANG_WARN_OBJC_IMPLICIT_RETAIN_SELF = YES;
				CLANG_WARN_OBJC_LITERAL_CONVERSION = YES;
				CLANG_WARN_OBJC_ROOT_CLASS = YES_ERROR;
				CLANG_WARN_RANGE_LOOP_ANALYSIS = YES;
				CLANG_WARN_STRICT_PROTOTYPES = YES;
				CLANG_WARN_SUSPICIOUS_MOVE = YES;
				CLANG_WARN_UNGUARDED_AVAILABILITY = YES_AGGRESSIVE;
				CLANG_WARN_UNREACHABLE_CODE = YES;
				CLANG_WARN__DUPLICATE_METHOD_MATCH = YES;
				CODE_SIGN_IDENTITY = "iPhone Developer";
				COPY_PHASE_STRIP = NO;
				DEBUG_INFORMATION_FORMAT = "dwarf-with-dsym";
				ENABLE_NS_ASSERTIONS = NO;
				ENABLE_STRICT_OBJC_MSGSEND = YES;
				GCC_C_LANGUAGE_STANDARD = gnu11;
				GCC_NO_COMMON_BLOCKS = YES;
				GCC_WARN_64_TO_32_BIT_CONVERSION = YES;
				GCC_WARN_ABOUT_RETURN_TYPE = YES_ERROR;
				GCC_WARN_UNDECLARED_SELECTOR = YES;
				GCC_WARN_UNINITIALIZED_AUTOS = YES_AGGRESSIVE;
				GCC_WARN_UNUSED_FUNCTION = YES;
				GCC_WARN_UNUSED_VARIABLE = YES;
				IPHONEOS_DEPLOYMENT_TARGET = 12.0;
				MTL_ENABLE_DEBUG_INFO = NO;
				MTL_FAST_MATH = YES;
				SDKROOT = iphoneos;
				SWIFT_COMPILATION_MODE = wholemodule;
				SWIFT_OPTIMIZATION_LEVEL = "-O";
				VALIDATE_PRODUCT = YES;
			};
			name = Release;
		};
		9C4B0DCE2179E55000A93DEE /* Debug */ = {
			isa = XCBuildConfiguration;
			buildSettings = {
				ASSETCATALOG_COMPILER_APPICON_NAME = AppIcon;
				CODE_SIGN_STYLE = Manual;
				DEVELOPMENT_TEAM = "";
				FRAMEWORK_SEARCH_PATHS = (
					"$(inherited)",
					"$(PROJECT_DIR)/Carthage/Build/iOS",
					"$(PROJECT_DIR)",
				);
				INFOPLIST_FILE = AirBank/Info.plist;
				LD_RUNPATH_SEARCH_PATHS = (
					"$(inherited)",
					"@executable_path/Frameworks",
				);
				PRODUCT_BUNDLE_IDENTIFIER = com.tomkraina.AirBank;
				PRODUCT_NAME = "$(TARGET_NAME)";
				PROVISIONING_PROFILE_SPECIFIER = "";
				SWIFT_VERSION = 4.2;
				TARGETED_DEVICE_FAMILY = "1,2";
			};
			name = Debug;
		};
		9C4B0DCF2179E55000A93DEE /* Release */ = {
			isa = XCBuildConfiguration;
			buildSettings = {
				ASSETCATALOG_COMPILER_APPICON_NAME = AppIcon;
				CODE_SIGN_STYLE = Manual;
				DEVELOPMENT_TEAM = "";
				FRAMEWORK_SEARCH_PATHS = (
					"$(inherited)",
					"$(PROJECT_DIR)/Carthage/Build/iOS",
					"$(PROJECT_DIR)",
				);
				INFOPLIST_FILE = AirBank/Info.plist;
				LD_RUNPATH_SEARCH_PATHS = (
					"$(inherited)",
					"@executable_path/Frameworks",
				);
				PRODUCT_BUNDLE_IDENTIFIER = com.tomkraina.AirBank;
				PRODUCT_NAME = "$(TARGET_NAME)";
				PROVISIONING_PROFILE_SPECIFIER = "";
				SWIFT_VERSION = 4.2;
				TARGETED_DEVICE_FAMILY = "1,2";
			};
			name = Release;
		};
		9C4B0DD12179E55000A93DEE /* Debug */ = {
			isa = XCBuildConfiguration;
			buildSettings = {
				ALWAYS_EMBED_SWIFT_STANDARD_LIBRARIES = YES;
				BUNDLE_LOADER = "$(TEST_HOST)";
				CODE_SIGN_STYLE = Automatic;
				INFOPLIST_FILE = AirBankTests/Info.plist;
				LD_RUNPATH_SEARCH_PATHS = (
					"$(inherited)",
					"@executable_path/Frameworks",
					"@loader_path/Frameworks",
				);
				PRODUCT_BUNDLE_IDENTIFIER = com.tomkraina.AirBankTests;
				PRODUCT_NAME = "$(TARGET_NAME)";
				SWIFT_VERSION = 4.2;
				TARGETED_DEVICE_FAMILY = "1,2";
				TEST_HOST = "$(BUILT_PRODUCTS_DIR)/AirBank.app/AirBank";
			};
			name = Debug;
		};
		9C4B0DD22179E55000A93DEE /* Release */ = {
			isa = XCBuildConfiguration;
			buildSettings = {
				ALWAYS_EMBED_SWIFT_STANDARD_LIBRARIES = YES;
				BUNDLE_LOADER = "$(TEST_HOST)";
				CODE_SIGN_STYLE = Automatic;
				INFOPLIST_FILE = AirBankTests/Info.plist;
				LD_RUNPATH_SEARCH_PATHS = (
					"$(inherited)",
					"@executable_path/Frameworks",
					"@loader_path/Frameworks",
				);
				PRODUCT_BUNDLE_IDENTIFIER = com.tomkraina.AirBankTests;
				PRODUCT_NAME = "$(TARGET_NAME)";
				SWIFT_VERSION = 4.2;
				TARGETED_DEVICE_FAMILY = "1,2";
				TEST_HOST = "$(BUILT_PRODUCTS_DIR)/AirBank.app/AirBank";
			};
			name = Release;
		};
/* End XCBuildConfiguration section */

/* Begin XCConfigurationList section */
		9C4B0DAB2179E54E00A93DEE /* Build configuration list for PBXProject "AirBank" */ = {
			isa = XCConfigurationList;
			buildConfigurations = (
				9C4B0DCB2179E55000A93DEE /* Debug */,
				9C4B0DCC2179E55000A93DEE /* Release */,
			);
			defaultConfigurationIsVisible = 0;
			defaultConfigurationName = Release;
		};
		9C4B0DCD2179E55000A93DEE /* Build configuration list for PBXNativeTarget "AirBank" */ = {
			isa = XCConfigurationList;
			buildConfigurations = (
				9C4B0DCE2179E55000A93DEE /* Debug */,
				9C4B0DCF2179E55000A93DEE /* Release */,
			);
			defaultConfigurationIsVisible = 0;
			defaultConfigurationName = Release;
		};
		9C4B0DD02179E55000A93DEE /* Build configuration list for PBXNativeTarget "AirBankTests" */ = {
			isa = XCConfigurationList;
			buildConfigurations = (
				9C4B0DD12179E55000A93DEE /* Debug */,
				9C4B0DD22179E55000A93DEE /* Release */,
			);
			defaultConfigurationIsVisible = 0;
			defaultConfigurationName = Release;
		};
/* End XCConfigurationList section */
	};
	rootObject = 9C4B0DA82179E54E00A93DEE /* Project object */;
}
